
Microsoft Visual Studio Solution File, Format Version 11.00
# Visual Studio 2010
Project("{FAE04EC0-301F-11D3-BF4B-00C04F79EFBC}") = "Atomic", "Atomic_v2\Atomic_v2\Atomic.csproj", "{820994F9-B9EA-4E0A-9E8A-87E1B14C029B}"
EndProject
Project("{96E2B04D-8817-42C6-938A-82C39BA4D311}") = "AtomicContent", "Atomic_v2\Atomic_v2Content\AtomicContent.contentproj", "{6F999784-7813-4FAE-95C7-4F4532C02D09}"
EndProject
Project("{FAE04EC0-301F-11D3-BF4B-00C04F79EFBC}") = "AtomicExampleGame", "AtomicExampleGame\AtomicExampleGame\AtomicExampleGame.csproj", "{00B44780-B334-480A-9FF3-9F0628E688F9}"
EndProject
Project("{96E2B04D-8817-42C6-938A-82C39BA4D311}") = "AtomicExampleGameContent", "AtomicExampleGame\AtomicExampleGameContent\AtomicExampleGameContent.contentproj", "{071E7E75-C8EC-4537-AE34-5E538102A9E3}"
EndProject
Global
	GlobalSection(SolutionConfigurationPlatforms) = preSolution
		Debug|x86 = Debug|x86
		Release|x86 = Release|x86
	EndGlobalSection
	GlobalSection(ProjectConfigurationPlatforms) = postSolution
		{820994F9-B9EA-4E0A-9E8A-87E1B14C029B}.Debug|x86.ActiveCfg = Debug|x86
		{820994F9-B9EA-4E0A-9E8A-87E1B14C029B}.Debug|x86.Build.0 = Debug|x86
		{820994F9-B9EA-4E0A-9E8A-87E1B14C029B}.Release|x86.ActiveCfg = Release|x86
		{820994F9-B9EA-4E0A-9E8A-87E1B14C029B}.Release|x86.Build.0 = Release|x86
		{6F999784-7813-4FAE-95C7-4F4532C02D09}.Debug|x86.ActiveCfg = Debug|x86
		{6F999784-7813-4FAE-95C7-4F4532C02D09}.Release|x86.ActiveCfg = Release|x86
		{00B44780-B334-480A-9FF3-9F0628E688F9}.Debug|x86.ActiveCfg = Debug|x86
		{00B44780-B334-480A-9FF3-9F0628E688F9}.Debug|x86.Build.0 = Debug|x86
		{00B44780-B334-480A-9FF3-9F0628E688F9}.Release|x86.ActiveCfg = Release|x86
		{00B44780-B334-480A-9FF3-9F0628E688F9}.Release|x86.Build.0 = Release|x86
		{071E7E75-C8EC-4537-AE34-5E538102A9E3}.Debug|x86.ActiveCfg = Debug|x86
		{071E7E75-C8EC-4537-AE34-5E538102A9E3}.Release|x86.ActiveCfg = Release|x86
	EndGlobalSection
	GlobalSection(SolutionProperties) = preSolution
		HideSolutionNode = FALSE
	EndGlobalSection
EndGlobal
